
Microsoft Visual Studio Solution File, Format Version 12.00
# Visual Studio Version 16
VisualStudioVersion = 16.0.31229.75
MinimumVisualStudioVersion = 10.0.40219.1
Project("{9A19103F-16F7-4668-BE54-9A1E7A4F7556}") = "AcademicSavingService", "AcademicSavingService\AcademicSavingService.csproj", "{49B4C0A6-1E34-4437-83E8-650C1AAC63DD}"
EndProject
Project("{54435603-DBB4-11D2-8724-00A0C9A8B90C}") = "ASS Setup", "Setup\ASS Setup\ASS Setup.vdproj", "{27027CBB-2DA3-4E59-AB01-9D305E21A7E5}"
EndProject
Global
	GlobalSection(SolutionConfigurationPlatforms) = preSolution
		Debug|Any CPU = Debug|Any CPU
		Release|Any CPU = Release|Any CPU
	EndGlobalSection
	GlobalSection(ProjectConfigurationPlatforms) = postSolution
		{49B4C0A6-1E34-4437-83E8-650C1AAC63DD}.Debug|Any CPU.ActiveCfg = Debug|Any CPU
		{49B4C0A6-1E34-4437-83E8-650C1AAC63DD}.Debug|Any CPU.Build.0 = Debug|Any CPU
		{49B4C0A6-1E34-4437-83E8-650C1AAC63DD}.Release|Any CPU.ActiveCfg = Release|Any CPU
		{49B4C0A6-1E34-4437-83E8-650C1AAC63DD}.Release|Any CPU.Build.0 = Release|Any CPU
		{27027CBB-2DA3-4E59-AB01-9D305E21A7E5}.Debug|Any CPU.ActiveCfg = Debug
		{27027CBB-2DA3-4E59-AB01-9D305E21A7E5}.Release|Any CPU.ActiveCfg = Release
	EndGlobalSection
	GlobalSection(SolutionProperties) = preSolution
		HideSolutionNode = FALSE
	EndGlobalSection
	GlobalSection(ExtensibilityGlobals) = postSolution
		SolutionGuid = {81723416-DB44-491B-AEF9-D26C36303477}
	EndGlobalSection
EndGlobal
